
Microsoft Visual Studio Solution File, Format Version 12.00
# Visual Studio Version 17
VisualStudioVersion = 17.8.34330.188
MinimumVisualStudioVersion = 10.0.40219.1
Project("{FAE04EC0-301F-11D3-BF4B-00C04F79EFBC}") = "Almacen_Rey", "Almacen_Rey\Almacen_Rey.csproj", "{27D5D11D-989C-4092-AAA9-D416D4E3D268}"
EndProject
Global
	GlobalSection(SolutionConfigurationPlatforms) = preSolution
		Debug|Any CPU = Debug|Any CPU
		Release|Any CPU = Release|Any CPU
	EndGlobalSection
	GlobalSection(ProjectConfigurationPlatforms) = postSolution
		{27D5D11D-989C-4092-AAA9-D416D4E3D268}.Debug|Any CPU.ActiveCfg = Debug|Any CPU
		{27D5D11D-989C-4092-AAA9-D416D4E3D268}.Debug|Any CPU.Build.0 = Debug|Any CPU
		{27D5D11D-989C-4092-AAA9-D416D4E3D268}.Release|Any CPU.ActiveCfg = Release|Any CPU
		{27D5D11D-989C-4092-AAA9-D416D4E3D268}.Release|Any CPU.Build.0 = Release|Any CPU
	EndGlobalSection
	GlobalSection(SolutionProperties) = preSolution
		HideSolutionNode = FALSE
	EndGlobalSection
	GlobalSection(ExtensibilityGlobals) = postSolution
		SolutionGuid = {A748569B-720D-480D-B947-4B2A839522C1}
	EndGlobalSection
EndGlobal
